
Microsoft Visual Studio Solution File, Format Version 12.00
# Visual Studio Version 16
VisualStudioVersion = 16.0.31624.102
MinimumVisualStudioVersion = 10.0.40219.1
Project("{6EC3EE1D-3C4E-46DD-8F32-0CC8E7565705}") = "edgecastlib", "edgecastlib\edgecastlib.fsproj", "{4BCA976C-D784-459E-9F9E-C153586A817D}"
EndProject
Project("{6EC3EE1D-3C4E-46DD-8F32-0CC8E7565705}") = "demoappfsharp", "demoappfsharp\demoappfsharp.fsproj", "{1CF2888C-7908-49C4-882A-7BEC6C4D3DEE}"
EndProject
Project("{9A19103F-16F7-4668-BE54-9A1E7A4F7556}") = "demoappcsharp", "demoappcsharp\demoappcsharp.csproj", "{6CB4249D-7562-427C-8AF3-C0A143F45005}"
EndProject
Project("{2150E333-8FDC-42A3-9474-1A3956D46DE8}") = "Solution Items", "Solution Items", "{AFDC56AD-1CE9-416C-A6DF-7DA51A53E443}"
	ProjectSection(SolutionItems) = preProject
		verizon.fsx = verizon.fsx
	EndProjectSection
EndProject
Global
	GlobalSection(SolutionConfigurationPlatforms) = preSolution
		Debug|Any CPU = Debug|Any CPU
		Release|Any CPU = Release|Any CPU
	EndGlobalSection
	GlobalSection(ProjectConfigurationPlatforms) = postSolution
		{4BCA976C-D784-459E-9F9E-C153586A817D}.Debug|Any CPU.ActiveCfg = Debug|Any CPU
		{4BCA976C-D784-459E-9F9E-C153586A817D}.Debug|Any CPU.Build.0 = Debug|Any CPU
		{4BCA976C-D784-459E-9F9E-C153586A817D}.Release|Any CPU.ActiveCfg = Release|Any CPU
		{4BCA976C-D784-459E-9F9E-C153586A817D}.Release|Any CPU.Build.0 = Release|Any CPU
		{1CF2888C-7908-49C4-882A-7BEC6C4D3DEE}.Debug|Any CPU.ActiveCfg = Debug|Any CPU
		{1CF2888C-7908-49C4-882A-7BEC6C4D3DEE}.Debug|Any CPU.Build.0 = Debug|Any CPU
		{1CF2888C-7908-49C4-882A-7BEC6C4D3DEE}.Release|Any CPU.ActiveCfg = Release|Any CPU
		{1CF2888C-7908-49C4-882A-7BEC6C4D3DEE}.Release|Any CPU.Build.0 = Release|Any CPU
		{6CB4249D-7562-427C-8AF3-C0A143F45005}.Debug|Any CPU.ActiveCfg = Debug|Any CPU
		{6CB4249D-7562-427C-8AF3-C0A143F45005}.Debug|Any CPU.Build.0 = Debug|Any CPU
		{6CB4249D-7562-427C-8AF3-C0A143F45005}.Release|Any CPU.ActiveCfg = Release|Any CPU
		{6CB4249D-7562-427C-8AF3-C0A143F45005}.Release|Any CPU.Build.0 = Release|Any CPU
	EndGlobalSection
	GlobalSection(SolutionProperties) = preSolution
		HideSolutionNode = FALSE
	EndGlobalSection
	GlobalSection(ExtensibilityGlobals) = postSolution
		SolutionGuid = {E87973F7-0364-45A4-A927-9590F2A227BE}
	EndGlobalSection
EndGlobal
